
Microsoft Visual Studio Solution File, Format Version 12.00
# Visual Studio Version 17
VisualStudioVersion = 17.3.32825.248
MinimumVisualStudioVersion = 10.0.40219.1
Project("{FAE04EC0-301F-11D3-BF4B-00C04F79EFBC}") = "SailboatUI_NoGrid", "SailboatUI\SailboatUI_NoGrid.csproj", "{16AF16A4-2D2B-4BC3-8332-D8BFB29BEE4E}"
EndProject
Project("{FAE04EC0-301F-11D3-BF4B-00C04F79EFBC}") = "SailboatUI_Grid", "SailboatUI_Grid\SailboatUI_Grid.csproj", "{A25DF2B2-CEFA-4258-968E-DA9C4060A7B0}"
EndProject
Global
	GlobalSection(SolutionConfigurationPlatforms) = preSolution
		Debug|Any CPU = Debug|Any CPU
		Release|Any CPU = Release|Any CPU
	EndGlobalSection
	GlobalSection(ProjectConfigurationPlatforms) = postSolution
		{16AF16A4-2D2B-4BC3-8332-D8BFB29BEE4E}.Debug|Any CPU.ActiveCfg = Debug|Any CPU
		{16AF16A4-2D2B-4BC3-8332-D8BFB29BEE4E}.Debug|Any CPU.Build.0 = Debug|Any CPU
		{16AF16A4-2D2B-4BC3-8332-D8BFB29BEE4E}.Release|Any CPU.ActiveCfg = Release|Any CPU
		{16AF16A4-2D2B-4BC3-8332-D8BFB29BEE4E}.Release|Any CPU.Build.0 = Release|Any CPU
		{A25DF2B2-CEFA-4258-968E-DA9C4060A7B0}.Debug|Any CPU.ActiveCfg = Debug|Any CPU
		{A25DF2B2-CEFA-4258-968E-DA9C4060A7B0}.Debug|Any CPU.Build.0 = Debug|Any CPU
		{A25DF2B2-CEFA-4258-968E-DA9C4060A7B0}.Release|Any CPU.ActiveCfg = Release|Any CPU
		{A25DF2B2-CEFA-4258-968E-DA9C4060A7B0}.Release|Any CPU.Build.0 = Release|Any CPU
	EndGlobalSection
	GlobalSection(SolutionProperties) = preSolution
		HideSolutionNode = FALSE
	EndGlobalSection
	GlobalSection(ExtensibilityGlobals) = postSolution
		SolutionGuid = {FB4B3877-7E05-4F8B-B3B9-07F8E79DDF44}
	EndGlobalSection
EndGlobal
